
Microsoft Visual Studio Solution File, Format Version 12.00
# Visual Studio 2013
VisualStudioVersion = 12.0.21005.1
MinimumVisualStudioVersion = 10.0.40219.1
Project("{8BC9CEB8-8B4A-11D0-8D11-00A0C91BC942}") = "Client", "Client\Client.vcxproj", "{A3F8F01E-0DB1-43AD-9ED1-4DA09483B60B}"
EndProject
Project("{8BC9CEB8-8B4A-11D0-8D11-00A0C91BC942}") = "Server", "Server\Server.vcxproj", "{6AC8C800-66A1-469D-9024-E96B49130C92}"
EndProject
Project("{8BC9CEB8-8B4A-11D0-8D11-00A0C91BC942}") = "服务器线程", "服务器线程\服务器线程.vcxproj", "{1BC2D6FA-E199-404E-B900-845D6218E28A}"
EndProject
Project("{8BC9CEB8-8B4A-11D0-8D11-00A0C91BC942}") = "异步调用请求", "异步调用请求\异步调用请求.vcxproj", "{A3A22938-4C5C-47A4-9DC8-6ABDBDAB0D9A}"
EndProject
Project("{8BC9CEB8-8B4A-11D0-8D11-00A0C91BC942}") = "异步调用分发（服务器端）", "异步调用分发（服务器端）\异步调用分发（服务器端）.vcxproj", "{B996E26F-D91A-4F5F-AC2E-25E5D5AEF253}"
EndProject
Project("{2150E333-8FDC-42A3-9474-1A3956D46DE8}") = "发布和订阅", "发布和订阅", "{33B55498-5DF6-4D46-9D05-F468FDC2C1C8}"
EndProject
Project("{8BC9CEB8-8B4A-11D0-8D11-00A0C91BC942}") = "发布", "发布\发布.vcxproj", "{58DF6796-0E16-4FAD-9672-97829EBBB8AA}"
EndProject
Project("{8BC9CEB8-8B4A-11D0-8D11-00A0C91BC942}") = "订阅", "订阅\订阅.vcxproj", "{7586A9DB-F271-4B14-B5FB-38135BE88A90}"
EndProject
Project("{2150E333-8FDC-42A3-9474-1A3956D46DE8}") = "异步请求和分发", "异步请求和分发", "{242FC514-2AE6-4392-A834-F13FA3CFE943}"
EndProject
Project("{2150E333-8FDC-42A3-9474-1A3956D46DE8}") = "服务器回调客户端", "服务器回调客户端", "{351982DD-94A2-4F1E-A036-E4F878BA33D0}"
EndProject
Project("{8BC9CEB8-8B4A-11D0-8D11-00A0C91BC942}") = "服务器端", "服务器端\服务器端.vcxproj", "{04CF25CA-1C11-4C45-8C18-C456CE209F1E}"
EndProject
Project("{8BC9CEB8-8B4A-11D0-8D11-00A0C91BC942}") = "客户端", "客户端\客户端.vcxproj", "{BB17823C-A07A-45B0-9002-8CFE0A4BC99E}"
EndProject
Project("{2150E333-8FDC-42A3-9474-1A3956D46DE8}") = "文件下载和上传", "文件下载和上传", "{E972CB37-8D89-40F4-BAA2-9925A8E67CE2}"
EndProject
Project("{8BC9CEB8-8B4A-11D0-8D11-00A0C91BC942}") = "下载", "下载\下载.vcxproj", "{EFE557B6-F1CC-4D0D-8B05-CAB05994168D}"
EndProject
Project("{8BC9CEB8-8B4A-11D0-8D11-00A0C91BC942}") = "上传", "上传\上传.vcxproj", "{E9A30172-D9D2-43D3-A64D-23D2D0BB3729}"
EndProject
Project("{8BC9CEB8-8B4A-11D0-8D11-00A0C91BC942}") = "ProtocolBuffers", "ProtocolBuffers\ProtocolBuffers.vcxproj", "{BCDA9E23-696B-4227-B9A6-10F8EB1D91C8}"
EndProject
Project("{8BC9CEB8-8B4A-11D0-8D11-00A0C91BC942}") = "JsonRPC", "JsonRPC\JsonRPC.vcxproj", "{C6108442-2C4B-4A4A-8C4C-601DA2B4CDEE}"
EndProject
Project("{2150E333-8FDC-42A3-9474-1A3956D46DE8}") = "客户端代理", "客户端代理", "{9AB7AF9E-3FB9-438A-8A69-A04D6F3087B5}"
EndProject
Project("{8BC9CEB8-8B4A-11D0-8D11-00A0C91BC942}") = "调用方式", "调用方式\调用方式.vcxproj", "{87525C45-A2D4-4A16-81BE-C3E10B5EDD3F}"
EndProject
Project("{8BC9CEB8-8B4A-11D0-8D11-00A0C91BC942}") = "调用进度回调", "调用进度回调\调用进度回调.vcxproj", "{6C3BA24B-B5BC-4C08-95EC-CA1545893255}"
EndProject
Project("{8BC9CEB8-8B4A-11D0-8D11-00A0C91BC942}") = "用户附加数据", "用户附加数据\用户附加数据.vcxproj", "{584E8A28-46EC-4CD9-BFAA-87019880EE2F}"
EndProject
Project("{8BC9CEB8-8B4A-11D0-8D11-00A0C91BC942}") = "获取底层传输协议", "获取底层传输协议\获取底层传输协议.vcxproj", "{71BCA314-917A-4AE8-A30D-DB5D4E3BFF1F}"
EndProject
Project("{2150E333-8FDC-42A3-9474-1A3956D46DE8}") = "服务器端", "服务器端", "{90CAABB8-0E6B-42DA-B953-69093C7F4C0C}"
EndProject
Project("{8BC9CEB8-8B4A-11D0-8D11-00A0C91BC942}") = "绑定实现类", "绑定实现类\绑定实现类.vcxproj", "{44663140-6461-43D4-8838-B28FA7F0A61C}"
EndProject
Project("{8BC9CEB8-8B4A-11D0-8D11-00A0C91BC942}") = "当前会话信息", "当前会话信息\当前会话信息.vcxproj", "{64CDD74E-7579-435B-8E1D-E38A107E039A}"
EndProject
Global
	GlobalSection(SolutionConfigurationPlatforms) = preSolution
		Debug|Win32 = Debug|Win32
		Release|Win32 = Release|Win32
	EndGlobalSection
	GlobalSection(ProjectConfigurationPlatforms) = postSolution
		{A3F8F01E-0DB1-43AD-9ED1-4DA09483B60B}.Debug|Win32.ActiveCfg = Debug|Win32
		{A3F8F01E-0DB1-43AD-9ED1-4DA09483B60B}.Debug|Win32.Build.0 = Debug|Win32
		{A3F8F01E-0DB1-43AD-9ED1-4DA09483B60B}.Release|Win32.ActiveCfg = Release|Win32
		{A3F8F01E-0DB1-43AD-9ED1-4DA09483B60B}.Release|Win32.Build.0 = Release|Win32
		{6AC8C800-66A1-469D-9024-E96B49130C92}.Debug|Win32.ActiveCfg = Debug|Win32
		{6AC8C800-66A1-469D-9024-E96B49130C92}.Debug|Win32.Build.0 = Debug|Win32
		{6AC8C800-66A1-469D-9024-E96B49130C92}.Release|Win32.ActiveCfg = Release|Win32
		{6AC8C800-66A1-469D-9024-E96B49130C92}.Release|Win32.Build.0 = Release|Win32
		{1BC2D6FA-E199-404E-B900-845D6218E28A}.Debug|Win32.ActiveCfg = Debug|Win32
		{1BC2D6FA-E199-404E-B900-845D6218E28A}.Debug|Win32.Build.0 = Debug|Win32
		{1BC2D6FA-E199-404E-B900-845D6218E28A}.Release|Win32.ActiveCfg = Release|Win32
		{1BC2D6FA-E199-404E-B900-845D6218E28A}.Release|Win32.Build.0 = Release|Win32
		{A3A22938-4C5C-47A4-9DC8-6ABDBDAB0D9A}.Debug|Win32.ActiveCfg = Debug|Win32
		{A3A22938-4C5C-47A4-9DC8-6ABDBDAB0D9A}.Debug|Win32.Build.0 = Debug|Win32
		{A3A22938-4C5C-47A4-9DC8-6ABDBDAB0D9A}.Release|Win32.ActiveCfg = Release|Win32
		{A3A22938-4C5C-47A4-9DC8-6ABDBDAB0D9A}.Release|Win32.Build.0 = Release|Win32
		{B996E26F-D91A-4F5F-AC2E-25E5D5AEF253}.Debug|Win32.ActiveCfg = Debug|Win32
		{B996E26F-D91A-4F5F-AC2E-25E5D5AEF253}.Debug|Win32.Build.0 = Debug|Win32
		{B996E26F-D91A-4F5F-AC2E-25E5D5AEF253}.Release|Win32.ActiveCfg = Release|Win32
		{B996E26F-D91A-4F5F-AC2E-25E5D5AEF253}.Release|Win32.Build.0 = Release|Win32
		{58DF6796-0E16-4FAD-9672-97829EBBB8AA}.Debug|Win32.ActiveCfg = Debug|Win32
		{58DF6796-0E16-4FAD-9672-97829EBBB8AA}.Debug|Win32.Build.0 = Debug|Win32
		{58DF6796-0E16-4FAD-9672-97829EBBB8AA}.Release|Win32.ActiveCfg = Release|Win32
		{58DF6796-0E16-4FAD-9672-97829EBBB8AA}.Release|Win32.Build.0 = Release|Win32
		{7586A9DB-F271-4B14-B5FB-38135BE88A90}.Debug|Win32.ActiveCfg = Debug|Win32
		{7586A9DB-F271-4B14-B5FB-38135BE88A90}.Debug|Win32.Build.0 = Debug|Win32
		{7586A9DB-F271-4B14-B5FB-38135BE88A90}.Release|Win32.ActiveCfg = Release|Win32
		{7586A9DB-F271-4B14-B5FB-38135BE88A90}.Release|Win32.Build.0 = Release|Win32
		{04CF25CA-1C11-4C45-8C18-C456CE209F1E}.Debug|Win32.ActiveCfg = Debug|Win32
		{04CF25CA-1C11-4C45-8C18-C456CE209F1E}.Debug|Win32.Build.0 = Debug|Win32
		{04CF25CA-1C11-4C45-8C18-C456CE209F1E}.Release|Win32.ActiveCfg = Release|Win32
		{04CF25CA-1C11-4C45-8C18-C456CE209F1E}.Release|Win32.Build.0 = Release|Win32
		{BB17823C-A07A-45B0-9002-8CFE0A4BC99E}.Debug|Win32.ActiveCfg = Debug|Win32
		{BB17823C-A07A-45B0-9002-8CFE0A4BC99E}.Debug|Win32.Build.0 = Debug|Win32
		{BB17823C-A07A-45B0-9002-8CFE0A4BC99E}.Release|Win32.ActiveCfg = Release|Win32
		{BB17823C-A07A-45B0-9002-8CFE0A4BC99E}.Release|Win32.Build.0 = Release|Win32
		{EFE557B6-F1CC-4D0D-8B05-CAB05994168D}.Debug|Win32.ActiveCfg = Debug|Win32
		{EFE557B6-F1CC-4D0D-8B05-CAB05994168D}.Debug|Win32.Build.0 = Debug|Win32
		{EFE557B6-F1CC-4D0D-8B05-CAB05994168D}.Release|Win32.ActiveCfg = Release|Win32
		{EFE557B6-F1CC-4D0D-8B05-CAB05994168D}.Release|Win32.Build.0 = Release|Win32
		{E9A30172-D9D2-43D3-A64D-23D2D0BB3729}.Debug|Win32.ActiveCfg = Debug|Win32
		{E9A30172-D9D2-43D3-A64D-23D2D0BB3729}.Debug|Win32.Build.0 = Debug|Win32
		{E9A30172-D9D2-43D3-A64D-23D2D0BB3729}.Release|Win32.ActiveCfg = Release|Win32
		{E9A30172-D9D2-43D3-A64D-23D2D0BB3729}.Release|Win32.Build.0 = Release|Win32
		{BCDA9E23-696B-4227-B9A6-10F8EB1D91C8}.Debug|Win32.ActiveCfg = Debug|Win32
		{BCDA9E23-696B-4227-B9A6-10F8EB1D91C8}.Debug|Win32.Build.0 = Debug|Win32
		{BCDA9E23-696B-4227-B9A6-10F8EB1D91C8}.Release|Win32.ActiveCfg = Release|Win32
		{BCDA9E23-696B-4227-B9A6-10F8EB1D91C8}.Release|Win32.Build.0 = Release|Win32
		{C6108442-2C4B-4A4A-8C4C-601DA2B4CDEE}.Debug|Win32.ActiveCfg = Debug|Win32
		{C6108442-2C4B-4A4A-8C4C-601DA2B4CDEE}.Debug|Win32.Build.0 = Debug|Win32
		{C6108442-2C4B-4A4A-8C4C-601DA2B4CDEE}.Release|Win32.ActiveCfg = Release|Win32
		{C6108442-2C4B-4A4A-8C4C-601DA2B4CDEE}.Release|Win32.Build.0 = Release|Win32
		{87525C45-A2D4-4A16-81BE-C3E10B5EDD3F}.Debug|Win32.ActiveCfg = Debug|Win32
		{87525C45-A2D4-4A16-81BE-C3E10B5EDD3F}.Debug|Win32.Build.0 = Debug|Win32
		{87525C45-A2D4-4A16-81BE-C3E10B5EDD3F}.Release|Win32.ActiveCfg = Release|Win32
		{87525C45-A2D4-4A16-81BE-C3E10B5EDD3F}.Release|Win32.Build.0 = Release|Win32
		{6C3BA24B-B5BC-4C08-95EC-CA1545893255}.Debug|Win32.ActiveCfg = Debug|Win32
		{6C3BA24B-B5BC-4C08-95EC-CA1545893255}.Debug|Win32.Build.0 = Debug|Win32
		{6C3BA24B-B5BC-4C08-95EC-CA1545893255}.Release|Win32.ActiveCfg = Release|Win32
		{6C3BA24B-B5BC-4C08-95EC-CA1545893255}.Release|Win32.Build.0 = Release|Win32
		{584E8A28-46EC-4CD9-BFAA-87019880EE2F}.Debug|Win32.ActiveCfg = Debug|Win32
		{584E8A28-46EC-4CD9-BFAA-87019880EE2F}.Debug|Win32.Build.0 = Debug|Win32
		{584E8A28-46EC-4CD9-BFAA-87019880EE2F}.Release|Win32.ActiveCfg = Release|Win32
		{584E8A28-46EC-4CD9-BFAA-87019880EE2F}.Release|Win32.Build.0 = Release|Win32
		{71BCA314-917A-4AE8-A30D-DB5D4E3BFF1F}.Debug|Win32.ActiveCfg = Debug|Win32
		{71BCA314-917A-4AE8-A30D-DB5D4E3BFF1F}.Debug|Win32.Build.0 = Debug|Win32
		{71BCA314-917A-4AE8-A30D-DB5D4E3BFF1F}.Release|Win32.ActiveCfg = Release|Win32
		{71BCA314-917A-4AE8-A30D-DB5D4E3BFF1F}.Release|Win32.Build.0 = Release|Win32
		{44663140-6461-43D4-8838-B28FA7F0A61C}.Debug|Win32.ActiveCfg = Debug|Win32
		{44663140-6461-43D4-8838-B28FA7F0A61C}.Debug|Win32.Build.0 = Debug|Win32
		{44663140-6461-43D4-8838-B28FA7F0A61C}.Release|Win32.ActiveCfg = Release|Win32
		{44663140-6461-43D4-8838-B28FA7F0A61C}.Release|Win32.Build.0 = Release|Win32
		{64CDD74E-7579-435B-8E1D-E38A107E039A}.Debug|Win32.ActiveCfg = Debug|Win32
		{64CDD74E-7579-435B-8E1D-E38A107E039A}.Debug|Win32.Build.0 = Debug|Win32
		{64CDD74E-7579-435B-8E1D-E38A107E039A}.Release|Win32.ActiveCfg = Release|Win32
		{64CDD74E-7579-435B-8E1D-E38A107E039A}.Release|Win32.Build.0 = Release|Win32
	EndGlobalSection
	GlobalSection(SolutionProperties) = preSolution
		HideSolutionNode = FALSE
	EndGlobalSection
	GlobalSection(NestedProjects) = preSolution
		{B996E26F-D91A-4F5F-AC2E-25E5D5AEF253} = {242FC514-2AE6-4392-A834-F13FA3CFE943}
		{A3A22938-4C5C-47A4-9DC8-6ABDBDAB0D9A} = {242FC514-2AE6-4392-A834-F13FA3CFE943}
		{58DF6796-0E16-4FAD-9672-97829EBBB8AA} = {33B55498-5DF6-4D46-9D05-F468FDC2C1C8}
		{7586A9DB-F271-4B14-B5FB-38135BE88A90} = {33B55498-5DF6-4D46-9D05-F468FDC2C1C8}
		{04CF25CA-1C11-4C45-8C18-C456CE209F1E} = {351982DD-94A2-4F1E-A036-E4F878BA33D0}
		{BB17823C-A07A-45B0-9002-8CFE0A4BC99E} = {351982DD-94A2-4F1E-A036-E4F878BA33D0}
		{EFE557B6-F1CC-4D0D-8B05-CAB05994168D} = {E972CB37-8D89-40F4-BAA2-9925A8E67CE2}
		{E9A30172-D9D2-43D3-A64D-23D2D0BB3729} = {E972CB37-8D89-40F4-BAA2-9925A8E67CE2}
		{87525C45-A2D4-4A16-81BE-C3E10B5EDD3F} = {9AB7AF9E-3FB9-438A-8A69-A04D6F3087B5}
		{6C3BA24B-B5BC-4C08-95EC-CA1545893255} = {9AB7AF9E-3FB9-438A-8A69-A04D6F3087B5}
		{584E8A28-46EC-4CD9-BFAA-87019880EE2F} = {9AB7AF9E-3FB9-438A-8A69-A04D6F3087B5}
		{71BCA314-917A-4AE8-A30D-DB5D4E3BFF1F} = {9AB7AF9E-3FB9-438A-8A69-A04D6F3087B5}
		{44663140-6461-43D4-8838-B28FA7F0A61C} = {90CAABB8-0E6B-42DA-B953-69093C7F4C0C}
		{1BC2D6FA-E199-404E-B900-845D6218E28A} = {90CAABB8-0E6B-42DA-B953-69093C7F4C0C}
		{64CDD74E-7579-435B-8E1D-E38A107E039A} = {90CAABB8-0E6B-42DA-B953-69093C7F4C0C}
	EndGlobalSection
EndGlobal
