
Microsoft Visual Studio Solution File, Format Version 12.00
# Visual Studio 2013
VisualStudioVersion = 12.0.21005.1
MinimumVisualStudioVersion = 10.0.40219.1
Project("{8BC9CEB8-8B4A-11D0-8D11-00A0C91BC942}") = "Client", "Client\Client.vcxproj", "{A3F8F01E-0DB1-43AD-9ED1-4DA09483B60B}"
EndProject
Project("{8BC9CEB8-8B4A-11D0-8D11-00A0C91BC942}") = "Server", "Server\Server.vcxproj", "{6AC8C800-66A1-469D-9024-E96B49130C92}"
EndProject
Project("{8BC9CEB8-8B4A-11D0-8D11-00A0C91BC942}") = "服务器线程", "服务器线程\服务器线程.vcxproj", "{1BC2D6FA-E199-404E-B900-845D6218E28A}"
EndProject
Project("{8BC9CEB8-8B4A-11D0-8D11-00A0C91BC942}") = "异步调用请求", "异步调用请求\异步调用请求.vcxproj", "{A3A22938-4C5C-47A4-9DC8-6ABDBDAB0D9A}"
EndProject
Project("{8BC9CEB8-8B4A-11D0-8D11-00A0C91BC942}") = "异步调用分发（服务器端）", "异步调用分发（服务器端）\异步调用分发（服务器端）.vcxproj", "{B996E26F-D91A-4F5F-AC2E-25E5D5AEF253}"
EndProject
Project("{2150E333-8FDC-42A3-9474-1A3956D46DE8}") = "发布和订阅", "发布和订阅", "{33B55498-5DF6-4D46-9D05-F468FDC2C1C8}"
EndProject
Project("{8BC9CEB8-8B4A-11D0-8D11-00A0C91BC942}") = "发布", "发布\发布.vcxproj", "{58DF6796-0E16-4FAD-9672-97829EBBB8AA}"
EndProject
Project("{8BC9CEB8-8B4A-11D0-8D11-00A0C91BC942}") = "订阅", "订阅\订阅.vcxproj", "{7586A9DB-F271-4B14-B5FB-38135BE88A90}"
EndProject
Project("{2150E333-8FDC-42A3-9474-1A3956D46DE8}") = "异步请求和分发", "异步请求和分发", "{242FC514-2AE6-4392-A834-F13FA3CFE943}"
EndProject
Project("{2150E333-8FDC-42A3-9474-1A3956D46DE8}") = "服务器回调客户端", "服务器回调客户端", "{351982DD-94A2-4F1E-A036-E4F878BA33D0}"
EndProject
Project("{8BC9CEB8-8B4A-11D0-8D11-00A0C91BC942}") = "服务器端", "服务器端\服务器端.vcxproj", "{04CF25CA-1C11-4C45-8C18-C456CE209F1E}"
EndProject
Project("{8BC9CEB8-8B4A-11D0-8D11-00A0C91BC942}") = "客户端", "客户端\客户端.vcxproj", "{BB17823C-A07A-45B0-9002-8CFE0A4BC99E}"
EndProject
Project("{2150E333-8FDC-42A3-9474-1A3956D46DE8}") = "文件下载和上传", "文件下载和上传", "{E972CB37-8D89-40F4-BAA2-9925A8E67CE2}"
EndProject
Project("{8BC9CEB8-8B4A-11D0-8D11-00A0C91BC942}") = "下载", "下载\下载.vcxproj", "{EFE557B6-F1CC-4D0D-8B05-CAB05994168D}"
EndProject
Project("{8BC9CEB8-8B4A-11D0-8D11-00A0C91BC942}") = "上传", "上传\上传.vcxproj", "{E9A30172-D9D2-43D3-A64D-23D2D0BB3729}"
EndProject
Project("{8BC9CEB8-8B4A-11D0-8D11-00A0C91BC942}") = "ProtocolBuffers", "ProtocolBuffers\ProtocolBuffers.vcxproj", "{BCDA9E23-696B-4227-B9A6-10F8EB1D91C8}"
EndProject
Project("{8BC9CEB8-8B4A-11D0-8D11-00A0C91BC942}") = "JsonRPC", "JsonRPC\JsonRPC.vcxproj", "{C6108442-2C4B-4A4A-8C4C-601DA2B4CDEE}"
EndProject
Project("{2150E333-8FDC-42A3-9474-1A3956D46DE8}") = "客户端代理", "客户端代理", "{9AB7AF9E-3FB9-438A-8A69-A04D6F3087B5}"
EndProject
Project("{8BC9CEB8-8B4A-11D0-8D11-00A0C91BC942}") = "调用方式", "调用方式\调用方式.vcxproj", "{87525C45-A2D4-4A16-81BE-C3E10B5EDD3F}"
EndProject
Project("{8BC9CEB8-8B4A-11D0-8D11-00A0C91BC942}") = "调用进度回调", "调用进度回调\调用进度回调.vcxproj", "{6C3BA24B-B5BC-4C08-95EC-CA1545893255}"
EndProject
Project("{8BC9CEB8-8B4A-11D0-8D11-00A0C91BC942}") = "用户附加数据", "用户附加数据\用户附加数据.vcxproj", "{584E8A28-46EC-4CD9-BFAA-87019880EE2F}"
EndProject
Project("{8BC9CEB8-8B4A-11D0-8D11-00A0C91BC942}") = "获取底层传输协议", "获取底层传输协议\获取底层传输协议.vcxproj", "{71BCA314-917A-4AE8-A30D-DB5D4E3BFF1F}"
EndProject
Project("{2150E333-8FDC-42A3-9474-1A3956D46DE8}") = "服务器端", "服务器端", "{90CAABB8-0E6B-42DA-B953-69093C7F4C0C}"
EndProject
Project("{8BC9CEB8-8B4A-11D0-8D11-00A0C91BC942}") = "绑定实现类", "绑定实现类\绑定实现类.vcxproj", "{44663140-6461-43D4-8838-B28FA7F0A61C}"
EndProject
Project("{8BC9CEB8-8B4A-11D0-8D11-00A0C91BC942}") = "当前会话信息", "当前会话信息\当前会话信息.vcxproj", "{64CDD74E-7579-435B-8E1D-E38A107E039A}"
EndProject
Project("{2150E333-8FDC-42A3-9474-1A3956D46DE8}") = "序列化", "序列化", "{FC0D20C2-5ADA-4B57-B781-BC68E6CCD72E}"
EndProject
Project("{8BC9CEB8-8B4A-11D0-8D11-00A0C91BC942}") = "用户定义类型", "用户定义类型\用户定义类型.vcxproj", "{A337FED3-5757-4425-A4FF-FDFA2F7FA795}"
EndProject
Project("{8BC9CEB8-8B4A-11D0-8D11-00A0C91BC942}") = "二进制数据", "二进制数据\二进制数据.vcxproj", "{3BB819EC-121B-4627-A408-EC68250A8719}"
EndProject
Project("{8BC9CEB8-8B4A-11D0-8D11-00A0C91BC942}") = "序列化到文件", "序列化到文件\序列化到文件.vcxproj", "{827887A6-FE7C-4CFD-A7F3-7C6E036B2131}"
EndProject
Project("{8BC9CEB8-8B4A-11D0-8D11-00A0C91BC942}") = "序列化", "序列化\序列化.vcxproj", "{17A90CE9-053E-458A-849D-4708A7F986D0}"
EndProject
Project("{8BC9CEB8-8B4A-11D0-8D11-00A0C91BC942}") = "复杂容器", "复杂容器\复杂容器.vcxproj", "{C1B48345-3B24-4A88-9A12-A4193D79BBFF}"
EndProject
Project("{2150E333-8FDC-42A3-9474-1A3956D46DE8}") = "传输层", "传输层", "{EA6050F2-81BA-4B73-ACF7-25B1C24361BE}"
EndProject
Project("{8BC9CEB8-8B4A-11D0-8D11-00A0C91BC942}") = "传输层", "传输层\传输层.vcxproj", "{66CDFA40-1CD2-4A42-8F00-F8271B8FAE7C}"
EndProject
Project("{8BC9CEB8-8B4A-11D0-8D11-00A0C91BC942}") = "服务器最大输入长度", "服务器最大输入长度\服务器最大输入长度.vcxproj", "{2545C001-65EC-4851-ACEA-9D050357D46F}"
EndProject
Project("{8BC9CEB8-8B4A-11D0-8D11-00A0C91BC942}") = "服务器连接数限制", "服务器连接数限制\服务器连接数限制.vcxproj", "{176CB5ED-DF4A-44B9-87AA-706366370360}"
EndProject
Project("{8BC9CEB8-8B4A-11D0-8D11-00A0C91BC942}") = "简单客户端", "简单客户端\简单客户端.vcxproj", "{30451A8C-D3C7-40CF-AA43-C4476DBC8D7A}"
EndProject
Project("{8BC9CEB8-8B4A-11D0-8D11-00A0C91BC942}") = "IP过滤规则", "IP过滤规则\IP过滤规则.vcxproj", "{F3A228C3-1CA4-4566-9EB7-51BDE01C0DD0}"
EndProject
Project("{8BC9CEB8-8B4A-11D0-8D11-00A0C91BC942}") = "IPv4_IPv6", "IPv4_IPv6\IPv4_IPv6.vcxproj", "{5FE7FC2C-D783-46F8-97EE-4BD5559016CF}"
EndProject
Project("{8BC9CEB8-8B4A-11D0-8D11-00A0C91BC942}") = "客户端指定本地IP接口", "客户端指定本地IP接口\客户端指定本地IP接口.vcxproj", "{4F6D3C4C-245C-4DB4-8AA3-AFD752125D9C}"
EndProject
Project("{8BC9CEB8-8B4A-11D0-8D11-00A0C91BC942}") = "获取底层Socket", "获取底层Socket\获取底层Socket.vcxproj", "{9F6BC1FD-41AF-4496-B230-E41A073498F2}"
EndProject
Project("{8BC9CEB8-8B4A-11D0-8D11-00A0C91BC942}") = "UDP", "UDP\UDP.vcxproj", "{2D49EE39-EF01-4549-ABAD-10653916D506}"
EndProject
Project("{8BC9CEB8-8B4A-11D0-8D11-00A0C91BC942}") = "UDP地址共享", "UDP地址共享\UDP地址共享.vcxproj", "{36EF64D6-C65C-42CE-BF5F-B918F3C11CB9}"
EndProject
Project("{8BC9CEB8-8B4A-11D0-8D11-00A0C91BC942}") = "UDP服务器发现", "UDP服务器发现\UDP服务器发现.vcxproj", "{8B3C0C39-0E47-45A7-A480-D8C747C4F90F}"
EndProject
Project("{8BC9CEB8-8B4A-11D0-8D11-00A0C91BC942}") = "Win32命名管道", "Win32命名管道\Win32命名管道.vcxproj", "{9C969650-B9A3-4955-9D59-326E19B4670D}"
EndProject
Project("{2150E333-8FDC-42A3-9474-1A3956D46DE8}") = "传输验证加密及数据压缩协议", "传输验证加密及数据压缩协议", "{0734EFE5-24DC-438D-89E3-A7FF1E124C96}"
EndProject
Project("{8BC9CEB8-8B4A-11D0-8D11-00A0C91BC942}") = "NTML", "NTML\NTML.vcxproj", "{A6E46421-CF2F-4ABF-AB70-C2AFFD46709E}"
EndProject
Project("{8BC9CEB8-8B4A-11D0-8D11-00A0C91BC942}") = "Kerberos", "Kerberos\Kerberos.vcxproj", "{54BDC89A-ED39-4C53-AAB6-A6BCFECBEB91}"
EndProject
Project("{2150E333-8FDC-42A3-9474-1A3956D46DE8}") = "SSL", "SSL", "{208B7974-B0F9-4FA6-A89D-C847EC97FD08}"
	ProjectSection(SolutionItems) = preProject
		SSL.txt = SSL.txt
	EndProjectSection
EndProject
Project("{8BC9CEB8-8B4A-11D0-8D11-00A0C91BC942}") = "Schannel", "Schannel\Schannel.vcxproj", "{25568737-6925-444A-8381-7594EC30BD0A}"
EndProject
Global
	GlobalSection(SolutionConfigurationPlatforms) = preSolution
		Debug|Win32 = Debug|Win32
		Release|Win32 = Release|Win32
	EndGlobalSection
	GlobalSection(ProjectConfigurationPlatforms) = postSolution
		{A3F8F01E-0DB1-43AD-9ED1-4DA09483B60B}.Debug|Win32.ActiveCfg = Debug|Win32
		{A3F8F01E-0DB1-43AD-9ED1-4DA09483B60B}.Debug|Win32.Build.0 = Debug|Win32
		{A3F8F01E-0DB1-43AD-9ED1-4DA09483B60B}.Release|Win32.ActiveCfg = Release|Win32
		{A3F8F01E-0DB1-43AD-9ED1-4DA09483B60B}.Release|Win32.Build.0 = Release|Win32
		{6AC8C800-66A1-469D-9024-E96B49130C92}.Debug|Win32.ActiveCfg = Debug|Win32
		{6AC8C800-66A1-469D-9024-E96B49130C92}.Debug|Win32.Build.0 = Debug|Win32
		{6AC8C800-66A1-469D-9024-E96B49130C92}.Release|Win32.ActiveCfg = Release|Win32
		{6AC8C800-66A1-469D-9024-E96B49130C92}.Release|Win32.Build.0 = Release|Win32
		{1BC2D6FA-E199-404E-B900-845D6218E28A}.Debug|Win32.ActiveCfg = Debug|Win32
		{1BC2D6FA-E199-404E-B900-845D6218E28A}.Debug|Win32.Build.0 = Debug|Win32
		{1BC2D6FA-E199-404E-B900-845D6218E28A}.Release|Win32.ActiveCfg = Release|Win32
		{1BC2D6FA-E199-404E-B900-845D6218E28A}.Release|Win32.Build.0 = Release|Win32
		{A3A22938-4C5C-47A4-9DC8-6ABDBDAB0D9A}.Debug|Win32.ActiveCfg = Debug|Win32
		{A3A22938-4C5C-47A4-9DC8-6ABDBDAB0D9A}.Debug|Win32.Build.0 = Debug|Win32
		{A3A22938-4C5C-47A4-9DC8-6ABDBDAB0D9A}.Release|Win32.ActiveCfg = Release|Win32
		{A3A22938-4C5C-47A4-9DC8-6ABDBDAB0D9A}.Release|Win32.Build.0 = Release|Win32
		{B996E26F-D91A-4F5F-AC2E-25E5D5AEF253}.Debug|Win32.ActiveCfg = Debug|Win32
		{B996E26F-D91A-4F5F-AC2E-25E5D5AEF253}.Debug|Win32.Build.0 = Debug|Win32
		{B996E26F-D91A-4F5F-AC2E-25E5D5AEF253}.Release|Win32.ActiveCfg = Release|Win32
		{B996E26F-D91A-4F5F-AC2E-25E5D5AEF253}.Release|Win32.Build.0 = Release|Win32
		{58DF6796-0E16-4FAD-9672-97829EBBB8AA}.Debug|Win32.ActiveCfg = Debug|Win32
		{58DF6796-0E16-4FAD-9672-97829EBBB8AA}.Debug|Win32.Build.0 = Debug|Win32
		{58DF6796-0E16-4FAD-9672-97829EBBB8AA}.Release|Win32.ActiveCfg = Release|Win32
		{58DF6796-0E16-4FAD-9672-97829EBBB8AA}.Release|Win32.Build.0 = Release|Win32
		{7586A9DB-F271-4B14-B5FB-38135BE88A90}.Debug|Win32.ActiveCfg = Debug|Win32
		{7586A9DB-F271-4B14-B5FB-38135BE88A90}.Debug|Win32.Build.0 = Debug|Win32
		{7586A9DB-F271-4B14-B5FB-38135BE88A90}.Release|Win32.ActiveCfg = Release|Win32
		{7586A9DB-F271-4B14-B5FB-38135BE88A90}.Release|Win32.Build.0 = Release|Win32
		{04CF25CA-1C11-4C45-8C18-C456CE209F1E}.Debug|Win32.ActiveCfg = Debug|Win32
		{04CF25CA-1C11-4C45-8C18-C456CE209F1E}.Debug|Win32.Build.0 = Debug|Win32
		{04CF25CA-1C11-4C45-8C18-C456CE209F1E}.Release|Win32.ActiveCfg = Release|Win32
		{04CF25CA-1C11-4C45-8C18-C456CE209F1E}.Release|Win32.Build.0 = Release|Win32
		{BB17823C-A07A-45B0-9002-8CFE0A4BC99E}.Debug|Win32.ActiveCfg = Debug|Win32
		{BB17823C-A07A-45B0-9002-8CFE0A4BC99E}.Debug|Win32.Build.0 = Debug|Win32
		{BB17823C-A07A-45B0-9002-8CFE0A4BC99E}.Release|Win32.ActiveCfg = Release|Win32
		{BB17823C-A07A-45B0-9002-8CFE0A4BC99E}.Release|Win32.Build.0 = Release|Win32
		{EFE557B6-F1CC-4D0D-8B05-CAB05994168D}.Debug|Win32.ActiveCfg = Debug|Win32
		{EFE557B6-F1CC-4D0D-8B05-CAB05994168D}.Debug|Win32.Build.0 = Debug|Win32
		{EFE557B6-F1CC-4D0D-8B05-CAB05994168D}.Release|Win32.ActiveCfg = Release|Win32
		{EFE557B6-F1CC-4D0D-8B05-CAB05994168D}.Release|Win32.Build.0 = Release|Win32
		{E9A30172-D9D2-43D3-A64D-23D2D0BB3729}.Debug|Win32.ActiveCfg = Debug|Win32
		{E9A30172-D9D2-43D3-A64D-23D2D0BB3729}.Debug|Win32.Build.0 = Debug|Win32
		{E9A30172-D9D2-43D3-A64D-23D2D0BB3729}.Release|Win32.ActiveCfg = Release|Win32
		{E9A30172-D9D2-43D3-A64D-23D2D0BB3729}.Release|Win32.Build.0 = Release|Win32
		{BCDA9E23-696B-4227-B9A6-10F8EB1D91C8}.Debug|Win32.ActiveCfg = Debug|Win32
		{BCDA9E23-696B-4227-B9A6-10F8EB1D91C8}.Debug|Win32.Build.0 = Debug|Win32
		{BCDA9E23-696B-4227-B9A6-10F8EB1D91C8}.Release|Win32.ActiveCfg = Release|Win32
		{BCDA9E23-696B-4227-B9A6-10F8EB1D91C8}.Release|Win32.Build.0 = Release|Win32
		{C6108442-2C4B-4A4A-8C4C-601DA2B4CDEE}.Debug|Win32.ActiveCfg = Debug|Win32
		{C6108442-2C4B-4A4A-8C4C-601DA2B4CDEE}.Debug|Win32.Build.0 = Debug|Win32
		{C6108442-2C4B-4A4A-8C4C-601DA2B4CDEE}.Release|Win32.ActiveCfg = Release|Win32
		{C6108442-2C4B-4A4A-8C4C-601DA2B4CDEE}.Release|Win32.Build.0 = Release|Win32
		{87525C45-A2D4-4A16-81BE-C3E10B5EDD3F}.Debug|Win32.ActiveCfg = Debug|Win32
		{87525C45-A2D4-4A16-81BE-C3E10B5EDD3F}.Debug|Win32.Build.0 = Debug|Win32
		{87525C45-A2D4-4A16-81BE-C3E10B5EDD3F}.Release|Win32.ActiveCfg = Release|Win32
		{87525C45-A2D4-4A16-81BE-C3E10B5EDD3F}.Release|Win32.Build.0 = Release|Win32
		{6C3BA24B-B5BC-4C08-95EC-CA1545893255}.Debug|Win32.ActiveCfg = Debug|Win32
		{6C3BA24B-B5BC-4C08-95EC-CA1545893255}.Debug|Win32.Build.0 = Debug|Win32
		{6C3BA24B-B5BC-4C08-95EC-CA1545893255}.Release|Win32.ActiveCfg = Release|Win32
		{6C3BA24B-B5BC-4C08-95EC-CA1545893255}.Release|Win32.Build.0 = Release|Win32
		{584E8A28-46EC-4CD9-BFAA-87019880EE2F}.Debug|Win32.ActiveCfg = Debug|Win32
		{584E8A28-46EC-4CD9-BFAA-87019880EE2F}.Debug|Win32.Build.0 = Debug|Win32
		{584E8A28-46EC-4CD9-BFAA-87019880EE2F}.Release|Win32.ActiveCfg = Release|Win32
		{584E8A28-46EC-4CD9-BFAA-87019880EE2F}.Release|Win32.Build.0 = Release|Win32
		{71BCA314-917A-4AE8-A30D-DB5D4E3BFF1F}.Debug|Win32.ActiveCfg = Debug|Win32
		{71BCA314-917A-4AE8-A30D-DB5D4E3BFF1F}.Debug|Win32.Build.0 = Debug|Win32
		{71BCA314-917A-4AE8-A30D-DB5D4E3BFF1F}.Release|Win32.ActiveCfg = Release|Win32
		{71BCA314-917A-4AE8-A30D-DB5D4E3BFF1F}.Release|Win32.Build.0 = Release|Win32
		{44663140-6461-43D4-8838-B28FA7F0A61C}.Debug|Win32.ActiveCfg = Debug|Win32
		{44663140-6461-43D4-8838-B28FA7F0A61C}.Debug|Win32.Build.0 = Debug|Win32
		{44663140-6461-43D4-8838-B28FA7F0A61C}.Release|Win32.ActiveCfg = Release|Win32
		{44663140-6461-43D4-8838-B28FA7F0A61C}.Release|Win32.Build.0 = Release|Win32
		{64CDD74E-7579-435B-8E1D-E38A107E039A}.Debug|Win32.ActiveCfg = Debug|Win32
		{64CDD74E-7579-435B-8E1D-E38A107E039A}.Debug|Win32.Build.0 = Debug|Win32
		{64CDD74E-7579-435B-8E1D-E38A107E039A}.Release|Win32.ActiveCfg = Release|Win32
		{64CDD74E-7579-435B-8E1D-E38A107E039A}.Release|Win32.Build.0 = Release|Win32
		{A337FED3-5757-4425-A4FF-FDFA2F7FA795}.Debug|Win32.ActiveCfg = Debug|Win32
		{A337FED3-5757-4425-A4FF-FDFA2F7FA795}.Debug|Win32.Build.0 = Debug|Win32
		{A337FED3-5757-4425-A4FF-FDFA2F7FA795}.Release|Win32.ActiveCfg = Release|Win32
		{A337FED3-5757-4425-A4FF-FDFA2F7FA795}.Release|Win32.Build.0 = Release|Win32
		{3BB819EC-121B-4627-A408-EC68250A8719}.Debug|Win32.ActiveCfg = Debug|Win32
		{3BB819EC-121B-4627-A408-EC68250A8719}.Debug|Win32.Build.0 = Debug|Win32
		{3BB819EC-121B-4627-A408-EC68250A8719}.Release|Win32.ActiveCfg = Release|Win32
		{3BB819EC-121B-4627-A408-EC68250A8719}.Release|Win32.Build.0 = Release|Win32
		{827887A6-FE7C-4CFD-A7F3-7C6E036B2131}.Debug|Win32.ActiveCfg = Debug|Win32
		{827887A6-FE7C-4CFD-A7F3-7C6E036B2131}.Debug|Win32.Build.0 = Debug|Win32
		{827887A6-FE7C-4CFD-A7F3-7C6E036B2131}.Release|Win32.ActiveCfg = Release|Win32
		{827887A6-FE7C-4CFD-A7F3-7C6E036B2131}.Release|Win32.Build.0 = Release|Win32
		{17A90CE9-053E-458A-849D-4708A7F986D0}.Debug|Win32.ActiveCfg = Debug|Win32
		{17A90CE9-053E-458A-849D-4708A7F986D0}.Debug|Win32.Build.0 = Debug|Win32
		{17A90CE9-053E-458A-849D-4708A7F986D0}.Release|Win32.ActiveCfg = Release|Win32
		{17A90CE9-053E-458A-849D-4708A7F986D0}.Release|Win32.Build.0 = Release|Win32
		{C1B48345-3B24-4A88-9A12-A4193D79BBFF}.Debug|Win32.ActiveCfg = Debug|Win32
		{C1B48345-3B24-4A88-9A12-A4193D79BBFF}.Debug|Win32.Build.0 = Debug|Win32
		{C1B48345-3B24-4A88-9A12-A4193D79BBFF}.Release|Win32.ActiveCfg = Release|Win32
		{C1B48345-3B24-4A88-9A12-A4193D79BBFF}.Release|Win32.Build.0 = Release|Win32
		{66CDFA40-1CD2-4A42-8F00-F8271B8FAE7C}.Debug|Win32.ActiveCfg = Debug|Win32
		{66CDFA40-1CD2-4A42-8F00-F8271B8FAE7C}.Debug|Win32.Build.0 = Debug|Win32
		{66CDFA40-1CD2-4A42-8F00-F8271B8FAE7C}.Release|Win32.ActiveCfg = Release|Win32
		{66CDFA40-1CD2-4A42-8F00-F8271B8FAE7C}.Release|Win32.Build.0 = Release|Win32
		{2545C001-65EC-4851-ACEA-9D050357D46F}.Debug|Win32.ActiveCfg = Debug|Win32
		{2545C001-65EC-4851-ACEA-9D050357D46F}.Debug|Win32.Build.0 = Debug|Win32
		{2545C001-65EC-4851-ACEA-9D050357D46F}.Release|Win32.ActiveCfg = Release|Win32
		{2545C001-65EC-4851-ACEA-9D050357D46F}.Release|Win32.Build.0 = Release|Win32
		{176CB5ED-DF4A-44B9-87AA-706366370360}.Debug|Win32.ActiveCfg = Debug|Win32
		{176CB5ED-DF4A-44B9-87AA-706366370360}.Debug|Win32.Build.0 = Debug|Win32
		{176CB5ED-DF4A-44B9-87AA-706366370360}.Release|Win32.ActiveCfg = Release|Win32
		{176CB5ED-DF4A-44B9-87AA-706366370360}.Release|Win32.Build.0 = Release|Win32
		{30451A8C-D3C7-40CF-AA43-C4476DBC8D7A}.Debug|Win32.ActiveCfg = Debug|Win32
		{30451A8C-D3C7-40CF-AA43-C4476DBC8D7A}.Debug|Win32.Build.0 = Debug|Win32
		{30451A8C-D3C7-40CF-AA43-C4476DBC8D7A}.Release|Win32.ActiveCfg = Release|Win32
		{30451A8C-D3C7-40CF-AA43-C4476DBC8D7A}.Release|Win32.Build.0 = Release|Win32
		{F3A228C3-1CA4-4566-9EB7-51BDE01C0DD0}.Debug|Win32.ActiveCfg = Debug|Win32
		{F3A228C3-1CA4-4566-9EB7-51BDE01C0DD0}.Debug|Win32.Build.0 = Debug|Win32
		{F3A228C3-1CA4-4566-9EB7-51BDE01C0DD0}.Release|Win32.ActiveCfg = Release|Win32
		{F3A228C3-1CA4-4566-9EB7-51BDE01C0DD0}.Release|Win32.Build.0 = Release|Win32
		{5FE7FC2C-D783-46F8-97EE-4BD5559016CF}.Debug|Win32.ActiveCfg = Debug|Win32
		{5FE7FC2C-D783-46F8-97EE-4BD5559016CF}.Debug|Win32.Build.0 = Debug|Win32
		{5FE7FC2C-D783-46F8-97EE-4BD5559016CF}.Release|Win32.ActiveCfg = Release|Win32
		{5FE7FC2C-D783-46F8-97EE-4BD5559016CF}.Release|Win32.Build.0 = Release|Win32
		{4F6D3C4C-245C-4DB4-8AA3-AFD752125D9C}.Debug|Win32.ActiveCfg = Debug|Win32
		{4F6D3C4C-245C-4DB4-8AA3-AFD752125D9C}.Debug|Win32.Build.0 = Debug|Win32
		{4F6D3C4C-245C-4DB4-8AA3-AFD752125D9C}.Release|Win32.ActiveCfg = Release|Win32
		{4F6D3C4C-245C-4DB4-8AA3-AFD752125D9C}.Release|Win32.Build.0 = Release|Win32
		{9F6BC1FD-41AF-4496-B230-E41A073498F2}.Debug|Win32.ActiveCfg = Debug|Win32
		{9F6BC1FD-41AF-4496-B230-E41A073498F2}.Debug|Win32.Build.0 = Debug|Win32
		{9F6BC1FD-41AF-4496-B230-E41A073498F2}.Release|Win32.ActiveCfg = Release|Win32
		{9F6BC1FD-41AF-4496-B230-E41A073498F2}.Release|Win32.Build.0 = Release|Win32
		{2D49EE39-EF01-4549-ABAD-10653916D506}.Debug|Win32.ActiveCfg = Debug|Win32
		{2D49EE39-EF01-4549-ABAD-10653916D506}.Debug|Win32.Build.0 = Debug|Win32
		{2D49EE39-EF01-4549-ABAD-10653916D506}.Release|Win32.ActiveCfg = Release|Win32
		{2D49EE39-EF01-4549-ABAD-10653916D506}.Release|Win32.Build.0 = Release|Win32
		{36EF64D6-C65C-42CE-BF5F-B918F3C11CB9}.Debug|Win32.ActiveCfg = Debug|Win32
		{36EF64D6-C65C-42CE-BF5F-B918F3C11CB9}.Debug|Win32.Build.0 = Debug|Win32
		{36EF64D6-C65C-42CE-BF5F-B918F3C11CB9}.Release|Win32.ActiveCfg = Release|Win32
		{36EF64D6-C65C-42CE-BF5F-B918F3C11CB9}.Release|Win32.Build.0 = Release|Win32
		{8B3C0C39-0E47-45A7-A480-D8C747C4F90F}.Debug|Win32.ActiveCfg = Debug|Win32
		{8B3C0C39-0E47-45A7-A480-D8C747C4F90F}.Debug|Win32.Build.0 = Debug|Win32
		{8B3C0C39-0E47-45A7-A480-D8C747C4F90F}.Release|Win32.ActiveCfg = Release|Win32
		{8B3C0C39-0E47-45A7-A480-D8C747C4F90F}.Release|Win32.Build.0 = Release|Win32
		{9C969650-B9A3-4955-9D59-326E19B4670D}.Debug|Win32.ActiveCfg = Debug|Win32
		{9C969650-B9A3-4955-9D59-326E19B4670D}.Debug|Win32.Build.0 = Debug|Win32
		{9C969650-B9A3-4955-9D59-326E19B4670D}.Release|Win32.ActiveCfg = Release|Win32
		{9C969650-B9A3-4955-9D59-326E19B4670D}.Release|Win32.Build.0 = Release|Win32
		{A6E46421-CF2F-4ABF-AB70-C2AFFD46709E}.Debug|Win32.ActiveCfg = Debug|Win32
		{A6E46421-CF2F-4ABF-AB70-C2AFFD46709E}.Debug|Win32.Build.0 = Debug|Win32
		{A6E46421-CF2F-4ABF-AB70-C2AFFD46709E}.Release|Win32.ActiveCfg = Release|Win32
		{A6E46421-CF2F-4ABF-AB70-C2AFFD46709E}.Release|Win32.Build.0 = Release|Win32
		{54BDC89A-ED39-4C53-AAB6-A6BCFECBEB91}.Debug|Win32.ActiveCfg = Debug|Win32
		{54BDC89A-ED39-4C53-AAB6-A6BCFECBEB91}.Debug|Win32.Build.0 = Debug|Win32
		{54BDC89A-ED39-4C53-AAB6-A6BCFECBEB91}.Release|Win32.ActiveCfg = Release|Win32
		{54BDC89A-ED39-4C53-AAB6-A6BCFECBEB91}.Release|Win32.Build.0 = Release|Win32
		{25568737-6925-444A-8381-7594EC30BD0A}.Debug|Win32.ActiveCfg = Debug|Win32
		{25568737-6925-444A-8381-7594EC30BD0A}.Debug|Win32.Build.0 = Debug|Win32
		{25568737-6925-444A-8381-7594EC30BD0A}.Release|Win32.ActiveCfg = Release|Win32
		{25568737-6925-444A-8381-7594EC30BD0A}.Release|Win32.Build.0 = Release|Win32
	EndGlobalSection
	GlobalSection(SolutionProperties) = preSolution
		HideSolutionNode = FALSE
	EndGlobalSection
	GlobalSection(NestedProjects) = preSolution
		{1BC2D6FA-E199-404E-B900-845D6218E28A} = {90CAABB8-0E6B-42DA-B953-69093C7F4C0C}
		{44663140-6461-43D4-8838-B28FA7F0A61C} = {90CAABB8-0E6B-42DA-B953-69093C7F4C0C}
		{64CDD74E-7579-435B-8E1D-E38A107E039A} = {90CAABB8-0E6B-42DA-B953-69093C7F4C0C}
		{B996E26F-D91A-4F5F-AC2E-25E5D5AEF253} = {242FC514-2AE6-4392-A834-F13FA3CFE943}
		{A3A22938-4C5C-47A4-9DC8-6ABDBDAB0D9A} = {242FC514-2AE6-4392-A834-F13FA3CFE943}
		{58DF6796-0E16-4FAD-9672-97829EBBB8AA} = {33B55498-5DF6-4D46-9D05-F468FDC2C1C8}
		{7586A9DB-F271-4B14-B5FB-38135BE88A90} = {33B55498-5DF6-4D46-9D05-F468FDC2C1C8}
		{04CF25CA-1C11-4C45-8C18-C456CE209F1E} = {351982DD-94A2-4F1E-A036-E4F878BA33D0}
		{BB17823C-A07A-45B0-9002-8CFE0A4BC99E} = {351982DD-94A2-4F1E-A036-E4F878BA33D0}
		{EFE557B6-F1CC-4D0D-8B05-CAB05994168D} = {E972CB37-8D89-40F4-BAA2-9925A8E67CE2}
		{E9A30172-D9D2-43D3-A64D-23D2D0BB3729} = {E972CB37-8D89-40F4-BAA2-9925A8E67CE2}
		{87525C45-A2D4-4A16-81BE-C3E10B5EDD3F} = {9AB7AF9E-3FB9-438A-8A69-A04D6F3087B5}
		{6C3BA24B-B5BC-4C08-95EC-CA1545893255} = {9AB7AF9E-3FB9-438A-8A69-A04D6F3087B5}
		{584E8A28-46EC-4CD9-BFAA-87019880EE2F} = {9AB7AF9E-3FB9-438A-8A69-A04D6F3087B5}
		{71BCA314-917A-4AE8-A30D-DB5D4E3BFF1F} = {9AB7AF9E-3FB9-438A-8A69-A04D6F3087B5}
		{A337FED3-5757-4425-A4FF-FDFA2F7FA795} = {FC0D20C2-5ADA-4B57-B781-BC68E6CCD72E}
		{3BB819EC-121B-4627-A408-EC68250A8719} = {FC0D20C2-5ADA-4B57-B781-BC68E6CCD72E}
		{827887A6-FE7C-4CFD-A7F3-7C6E036B2131} = {FC0D20C2-5ADA-4B57-B781-BC68E6CCD72E}
		{17A90CE9-053E-458A-849D-4708A7F986D0} = {FC0D20C2-5ADA-4B57-B781-BC68E6CCD72E}
		{C1B48345-3B24-4A88-9A12-A4193D79BBFF} = {FC0D20C2-5ADA-4B57-B781-BC68E6CCD72E}
		{66CDFA40-1CD2-4A42-8F00-F8271B8FAE7C} = {EA6050F2-81BA-4B73-ACF7-25B1C24361BE}
		{2545C001-65EC-4851-ACEA-9D050357D46F} = {EA6050F2-81BA-4B73-ACF7-25B1C24361BE}
		{176CB5ED-DF4A-44B9-87AA-706366370360} = {EA6050F2-81BA-4B73-ACF7-25B1C24361BE}
		{30451A8C-D3C7-40CF-AA43-C4476DBC8D7A} = {EA6050F2-81BA-4B73-ACF7-25B1C24361BE}
		{F3A228C3-1CA4-4566-9EB7-51BDE01C0DD0} = {EA6050F2-81BA-4B73-ACF7-25B1C24361BE}
		{5FE7FC2C-D783-46F8-97EE-4BD5559016CF} = {EA6050F2-81BA-4B73-ACF7-25B1C24361BE}
		{4F6D3C4C-245C-4DB4-8AA3-AFD752125D9C} = {EA6050F2-81BA-4B73-ACF7-25B1C24361BE}
		{9F6BC1FD-41AF-4496-B230-E41A073498F2} = {EA6050F2-81BA-4B73-ACF7-25B1C24361BE}
		{2D49EE39-EF01-4549-ABAD-10653916D506} = {EA6050F2-81BA-4B73-ACF7-25B1C24361BE}
		{36EF64D6-C65C-42CE-BF5F-B918F3C11CB9} = {EA6050F2-81BA-4B73-ACF7-25B1C24361BE}
		{8B3C0C39-0E47-45A7-A480-D8C747C4F90F} = {EA6050F2-81BA-4B73-ACF7-25B1C24361BE}
		{9C969650-B9A3-4955-9D59-326E19B4670D} = {EA6050F2-81BA-4B73-ACF7-25B1C24361BE}
		{A6E46421-CF2F-4ABF-AB70-C2AFFD46709E} = {0734EFE5-24DC-438D-89E3-A7FF1E124C96}
		{54BDC89A-ED39-4C53-AAB6-A6BCFECBEB91} = {0734EFE5-24DC-438D-89E3-A7FF1E124C96}
		{208B7974-B0F9-4FA6-A89D-C847EC97FD08} = {0734EFE5-24DC-438D-89E3-A7FF1E124C96}
		{25568737-6925-444A-8381-7594EC30BD0A} = {208B7974-B0F9-4FA6-A89D-C847EC97FD08}
	EndGlobalSection
EndGlobal
